# This file is autogenerated, do not edit; changes may be undone by the next 'dep ensure'.


[[projects]]
  branch = "master"
  digest = "1:ca3a1857e388ea7d31eb98af48ea52a82478c70948f617c4842a57cc6867ed9f"
  name = "github.com/alecthomas/binary"
  packages = ["."]
  pruneopts = "UT"
  revision = "6e8df1b1fb9d591dfc8249e230e0a762524873f3"

[[projects]]
  branch = "master"
  digest = "1:ef5b0622d834c139454148b8fd0c92bb314828900532b267ae62da9fec109866"
  name = "github.com/armon/go-metrics"
  packages = ["."]
  pruneopts = "UT"
  revision = "f0300d1749da6fa982027e449ec0c7a145510c3c"

[[projects]]
  branch = "master"
  digest = "1:323ef1c999160d12fafa4074b5a5706511baf1cd91a935ae62494791c94abaf4"
  name = "github.com/atotto/clipboard"
  packages = ["."]
  pruneopts = "UT"
  revision = "579379fa8ff8a6d3fa979cec107f8f6d7f8fde90"

[[projects]]
  branch = "master"
  digest = "1:e990382d48644e08318d3526b374c654a102f37fbcf2b497018a3ad8faf3fbaa"
  name = "github.com/blang/semver"
  packages = ["."]
  pruneopts = "UT"
  revision = "3c1074078d32d767e08ab2c8564867292da86926"

[[projects]]
  branch = "master"
  digest = "1:29fb1d9358f24856ab2a3747e2f3d97be41897b22b46bf20fbb984ba7be439af"
  name = "github.com/cenkalti/backoff"
  packages = ["."]
  pruneopts = "UT"
  revision = "2146c93394225c3732078705043ce9f26584d334"

[[projects]]
  digest = "1:ffe9824d294da03b391f44e1ae8281281b4afc1bdaa9588c9097785e3af10cec"
  name = "github.com/davecgh/go-spew"
  packages = ["spew"]
  pruneopts = "UT"
  revision = "8991bc29aa16c548c550c7ff78260e27b9ab7c73"
  version = "v1.1.1"

[[projects]]
  branch = "master"
  digest = "1:c3ef1cb24b36c56c97c8964b7326c2c6c0719efc761600791b22d15a14d088d1"
  name = "github.com/dominikschulz/github-releases"
  packages = ["ghrel"]
  pruneopts = "UT"
  revision = "7635b43b24478da37c5559e0950897f1560dbbdb"

[[projects]]
  digest = "1:b498b36dbb2b306d1c5205ee5236c9e60352be8f9eea9bf08186723a9f75b4f3"
  name = "github.com/emirpasic/gods"
  packages = [
    "containers",
    "lists",
    "lists/arraylist",
    "trees",
    "trees/binaryheap",
    "utils",
  ]
  pruneopts = "UT"
  revision = "1615341f118ae12f353cc8a983f35b584342c9b3"
  version = "v1.12.0"

[[projects]]
  digest = "1:938a2672d6ebbb7f7bc63eee3e4b9464c16ffcf77ec8913d3edbf32b4e3984dd"
  name = "github.com/fatih/color"
  packages = ["."]
  pruneopts = "UT"
  revision = "570b54cabe6b8eb0bc2dfce68d964677d63b5260"
  version = "v1.5.0"

[[projects]]
  digest = "1:0e16b03c72bd42739ca68d055c10369e60d17838428f512f3b29ae115ba788e0"
  name = "github.com/gdamore/encoding"
  packages = ["."]
  pruneopts = "UT"
  revision = "6289cdc94c00ac4aa177771c5fce7af2f96b626d"
  version = "v1.0.0"

[[projects]]
  branch = "master"
  digest = "1:01030e6d82847b44012fb647fe9af0854524576ceb36ef938e5a513ddc32af87"
  name = "github.com/gdamore/tcell"
  packages = [
    ".",
    "termbox",
    "terminfo",
  ]
  pruneopts = "UT"
  revision = "b5d0c1ac570211e469f43ff88c0c6aa4b56cc99a"

[[projects]]
  branch = "master"
  digest = "1:dcb2b39859f781a2ed56d6e227f81cbd032acc8a0431e6a35173d2eb3dadc221"
  name = "github.com/godbus/dbus"
  packages = ["."]
  pruneopts = "UT"
  revision = "a31833e1a12623054b23f7ecc37e03a0beff8e87"

[[projects]]
  digest = "1:62e81807c521fcb922acc407a3d4aeb04067960d98a65b25046a296d8e203b44"
  name = "github.com/gokyle/twofactor"
  packages = ["."]
  pruneopts = "UT"
  revision = "bbc82ff8de72400ce39a13077627531d9841ad62"

[[projects]]
  branch = "master"
  digest = "1:318f1c959a8a740366fce4b1e1eb2fd914036b4af58fbd0a003349b305f118ad"
  name = "github.com/golang/protobuf"
  packages = ["proto"]
  pruneopts = "UT"
  revision = "c823c79ea1570fb5ff454033735a8e68575d1d0f"

[[projects]]
  digest = "1:e4f5819333ac698d294fe04dbf640f84719658d5c7ce195b10060cc37292ce79"
  name = "github.com/golang/snappy"
  packages = ["."]
  pruneopts = "UT"
  revision = "2a8bb927dd31d8daada140a5d09578521ce5c36a"
  version = "v0.0.1"

[[projects]]
  digest = "1:26f042f63829205ace5c1a37a57435ef3ef210a51a84dedfab5c21d67c3c8d98"
  name = "github.com/gopasspw/gopass"
  packages = [
    "pkg/action",
    "pkg/action/binary",
    "pkg/action/create",
    "pkg/action/xc",
    "pkg/agent",
    "pkg/agent/client",
    "pkg/audit",
    "pkg/backend",
    "pkg/backend/crypto",
    "pkg/backend/crypto/gpg",
    "pkg/backend/crypto/gpg/cli",
    "pkg/backend/crypto/gpg/openpgp",
    "pkg/backend/crypto/plain",
    "pkg/backend/crypto/xc",
    "pkg/backend/crypto/xc/keyring",
    "pkg/backend/crypto/xc/xcpb",
    "pkg/backend/rcs",
    "pkg/backend/rcs/git/cli",
    "pkg/backend/rcs/git/gogit",
    "pkg/backend/rcs/noop",
    "pkg/backend/storage",
    "pkg/backend/storage/fs",
    "pkg/backend/storage/kv/consul",
    "pkg/backend/storage/kv/inmem",
    "pkg/clipboard",
    "pkg/completion/fish",
    "pkg/completion/zsh",
    "pkg/config",
    "pkg/config/secrets",
    "pkg/ctxutil",
    "pkg/cui",
    "pkg/editor",
    "pkg/fsutil",
    "pkg/hibp/api",
    "pkg/hibp/dump",
    "pkg/jsonapi",
    "pkg/jsonapi/manifest",
    "pkg/notify",
    "pkg/otp",
    "pkg/out",
    "pkg/pinentry",
    "pkg/protect",
    "pkg/pwgen",
    "pkg/pwgen/xkcdgen",
    "pkg/qrcon",
    "pkg/store",
    "pkg/store/root",
    "pkg/store/secret",
    "pkg/store/sub",
    "pkg/store/vault",
    "pkg/tempfile",
    "pkg/termio",
    "pkg/termutil",
    "pkg/termwiz",
    "pkg/tpl",
    "pkg/tree",
    "pkg/tree/simple",
    "pkg/updater",
    "tests/gptest",
    "tests/mockstore",
  ]
  pruneopts = "UT"
  revision = "dd169b82e713c09f31fa6919342543163b5894f3"
  version = "v1.8.5"

[[projects]]
  digest = "1:1b9c99915ccf7df1e6085259ebf137a7b11fab87f47c382b3ec7a7ab51fbe2d8"
  name = "github.com/hashicorp/consul"
  packages = ["api"]
  pruneopts = "UT"
  revision = "c97c712e96e0e53308054d5e1180289fe02dce38"
  version = "v1.4.2"

[[projects]]
  digest = "1:0ade334594e69404d80d9d323445d2297ff8161637f9b2d347cc6973d2d6f05b"
  name = "github.com/hashicorp/errwrap"
  packages = ["."]
  pruneopts = "UT"
  revision = "8a6fb523712970c966eefc6b39ed2c5e74880354"
  version = "v1.0.0"

[[projects]]
  digest = "1:f47d6109c2034cb16bd62b220e18afd5aa9d5a1630fe5d937ad96a4fb7cbb277"
  name = "github.com/hashicorp/go-cleanhttp"
  packages = ["."]
  pruneopts = "UT"
  revision = "e8ab9daed8d1ddd2d3c4efba338fe2eeae2e4f18"
  version = "v0.5.0"

[[projects]]
  digest = "1:2be5a35f0c5b35162c41bb24971e5dcf6ce825403296ee435429cdcc4e1e847e"
  name = "github.com/hashicorp/go-immutable-radix"
  packages = ["."]
  pruneopts = "UT"
  revision = "27df80928bb34bb1b0d6d0e01b9e679902e7a6b5"
  version = "v1.0.0"

[[projects]]
  digest = "1:f668349b83f7d779567c880550534addeca7ebadfdcf44b0b9c39be61864b4b7"
  name = "github.com/hashicorp/go-multierror"
  packages = ["."]
  pruneopts = "UT"
  revision = "886a7fbe3eb1c874d46f623bfa70af45f425b3d1"
  version = "v1.0.0"

[[projects]]
  digest = "1:d260503602063d71718eb21f85c02133ad5eac894c2a6f0e0546b7dc017dc97e"
  name = "github.com/hashicorp/go-retryablehttp"
  packages = ["."]
  pruneopts = "UT"
  revision = "73489d0a1476f0c9e6fb03f9c39241523a496dfd"
  version = "v0.5.2"

[[projects]]
  digest = "1:a54ada9beb59fdc35b69322979e870ff0b780e03f4dc309c4c8674b94927df75"
  name = "github.com/hashicorp/go-rootcerts"
  packages = ["."]
  pruneopts = "UT"
  revision = "63503fb4e1eca22f9ae0f90b49c5d5538a0e87eb"
  version = "v1.0.0"

[[projects]]
  digest = "1:3c4c27026ab6a3218dbde897568f651c81062e2ee6e617e57ae46ca95bb1db6b"
  name = "github.com/hashicorp/go-sockaddr"
  packages = ["."]
  pruneopts = "UT"
  revision = "3aed17b5ee41761cc2b04f2a94c7107d428967e5"
  version = "v1.0.1"

[[projects]]
  digest = "1:8ec8d88c248041a6df5f6574b87bc00e7e0b493881dad2e7ef47b11dc69093b5"
  name = "github.com/hashicorp/golang-lru"
  packages = [
    ".",
    "simplelru",
  ]
  pruneopts = "UT"
  revision = "20f1fb78b0740ba8c3cb143a61e86ba5c8669768"
  version = "v0.5.0"

[[projects]]
  digest = "1:ea40c24cdbacd054a6ae9de03e62c5f252479b96c716375aace5c120d68647c8"
  name = "github.com/hashicorp/hcl"
  packages = [
    ".",
    "hcl/ast",
    "hcl/parser",
    "hcl/scanner",
    "hcl/strconv",
    "hcl/token",
    "json/parser",
    "json/scanner",
    "json/token",
  ]
  pruneopts = "UT"
  revision = "8cb6e5b959231cc1119e43259c4a608f9c51a241"
  version = "v1.0.0"

[[projects]]
  digest = "1:acc81e4e4289587b257ccdfccbc6eaf16d4c2fb57dda73c6bb349bf50f02501f"
  name = "github.com/hashicorp/serf"
  packages = ["coordinate"]
  pruneopts = "UT"
  revision = "b89a09ebd4b1b570e0076d5097272e67c10ac4f6"
  version = "v0.8.2"

[[projects]]
  digest = "1:dc8b504ab398bfdb0f085321c572465aec1def1a7e8f8ae6fe2b3309d7d9e30f"
  name = "github.com/hashicorp/vault"
  packages = [
    "api",
    "helper/compressutil",
    "helper/consts",
    "helper/hclutil",
    "helper/jsonutil",
    "helper/parseutil",
    "helper/strutil",
  ]
  pruneopts = "UT"
  revision = "85909e3373aa743c34a6a0ab59131f61fd9e8e43"
  version = "v1.0.3"

[[projects]]
  branch = "master"
  digest = "1:62fe3a7ea2050ecbd753a71889026f83d73329337ada66325cbafd5dea5f713d"
  name = "github.com/jbenet/go-context"
  packages = ["io"]
  pruneopts = "UT"
  revision = "d14ea06fba99483203c19d92cfcd13ebe73135f4"

[[projects]]
  branch = "master"
  digest = "1:114ecad51af93a73ae6781fd0d0bc28e52b433c852b84ab4b4c109c15e6c6b6d"
  name = "github.com/jroimartin/gocui"
  packages = ["."]
  pruneopts = "UT"
  revision = "c055c87ae801372cd74a0839b972db4f7697ae5f"

[[projects]]
  branch = "master"
  digest = "1:57107ee3f7085351f60123aaa7f2c3c9f14d9b5c6e4720a4ca0ebca43763c1e8"
  name = "github.com/jsimonetti/pwscheme"
  packages = [
    "md5crypt",
    "ssha",
    "ssha256",
    "ssha512",
  ]
  pruneopts = "UT"
  revision = "76804708ecad54773871b35dbaa44f517973e395"

[[projects]]
  branch = "master"
  digest = "1:400e113a367b511b9b09ca642ee11d9885485a93838526d697033af334a2fdde"
  name = "github.com/kballard/go-shellquote"
  packages = ["."]
  pruneopts = "UT"
  revision = "95032a82bc518f77982ea72343cc1ade730072f0"

[[projects]]
  digest = "1:ae5f4d0779a45e2cb3075d8b3ece6c623e171407f4aac83521392ff06d188871"
  name = "github.com/kevinburke/ssh_config"
  packages = ["."]
  pruneopts = "UT"
  revision = "81db2a75821ed34e682567d48be488a1c3121088"
  version = "0.5"

[[projects]]
  digest = "1:c65a16ac77d0b1aefc7009cabb6ac5ad05def02025f5be85f450c03f52cc6f86"
  name = "github.com/lucasb-eyer/go-colorful"
  packages = ["."]
  pruneopts = "UT"
  revision = "345fbb3dbcdb252d9985ee899a84963c0fa24c82"
  version = "v1.0"

[[projects]]
  branch = "master"
  digest = "1:02daea6a6af6185c286520332978abf98a69b3275b15c43aab55a858db584fba"
  name = "github.com/martinhoefling/goxkcdpwgen"
  packages = ["xkcdpwgen"]
  pruneopts = "UT"
  revision = "de898c7414ad5d9ad7a4965993520220200339c0"

[[projects]]
  branch = "master"
  digest = "1:2fa7b0155cd54479a755c629de26f888a918e13f8857a2c442205d825368e084"
  name = "github.com/mattn/go-colorable"
  packages = ["."]
  pruneopts = "UT"
  revision = "3a70a971f94a22f2fa562ffcc7a0eb45f5daf045"

[[projects]]
  digest = "1:b5cf82c3199c040b82e2bb3fbcbcf6771c2759f9c6b839621b0714c822167581"
  name = "github.com/mattn/go-isatty"
  packages = ["."]
  pruneopts = "UT"
  revision = "a6dda38a851a575e6799957cdd53ffe0b3fdd90f"
  version = "v0.0.5"

[[projects]]
  branch = "master"
  digest = "1:5e6d66b03ec2df7ce14d19ad75f35d189ae56d5169813fb20eca4d076d81d37e"
  name = "github.com/mattn/go-runewidth"
  packages = ["."]
  pruneopts = "UT"
  revision = "703b5e6b11ae25aeb2af9ebb5d5fdf8fa2575211"

[[projects]]
  branch = "master"
  digest = "1:5d231480e1c64a726869bc4142d270184c419749d34f167646baa21008eb0a79"
  name = "github.com/mitchellh/go-homedir"
  packages = ["."]
  pruneopts = "UT"
  revision = "af06845cf3004701891bf4fdb884bfe4920b3727"

[[projects]]
  branch = "master"
  digest = "1:d0c95a34e79df79eb96ca870d6b6fc43361d34c9c05495f93a5ad0077f7bbb24"
  name = "github.com/mitchellh/go-ps"
  packages = ["."]
  pruneopts = "UT"
  revision = "4fdf99ab29366514c69ccccddab5dc58b8d84062"

[[projects]]
  digest = "1:53bc4cd4914cd7cd52139990d5170d6dc99067ae31c56530621b18b35fc30318"
  name = "github.com/mitchellh/mapstructure"
  packages = ["."]
  pruneopts = "UT"
  revision = "3536a929edddb9a5b34bd6861dc4a9647cb459fe"
  version = "v1.1.2"

[[projects]]
  branch = "master"
  digest = "1:7094823bb9b9a58bbe6a475be71a9700c8ad38852a9b6ad83311d9a9fa0cb660"
  name = "github.com/muesli/crunchy"
  packages = ["."]
  pruneopts = "UT"
  revision = "ee5032c9b35b57a43c16bfbab8196051a5bcb1d9"

[[projects]]
  branch = "master"
  digest = "1:632410ebc9108b2fbc6d38060a5763a088431de66a1b54f4f338e65bfec70acc"
  name = "github.com/muesli/goprogressbar"
  packages = ["."]
  pruneopts = "UT"
  revision = "8ba388894ed9b3d8fef35f68045b1c2ffe64163a"

[[projects]]
  branch = "master"
  digest = "1:9d34b3ceb9aee1fc032d808220c14bbf560cd53562c890f90b79ad8b903c8d09"
  name = "github.com/nsf/termbox-go"
  packages = ["."]
  pruneopts = "UT"
  revision = "02980233997d87bbda048393d47b4d453f7a398d"

[[projects]]
  digest = "1:b2ee62e09bec113cf086d2ce0769efcc7bf79481aba8373fd8f7884e94df3462"
  name = "github.com/pelletier/go-buffruneio"
  packages = ["."]
  pruneopts = "UT"
  revision = "c37440a7cf42ac63b919c752ca73a85067e05992"
  version = "v0.2.0"

[[projects]]
  digest = "1:d4c88b5ad20151a96c1e5a55547a944b6af623aa315f69ee0d172b00f95d27fb"
  name = "github.com/pierrec/lz4"
  packages = [
    ".",
    "internal/xxh32",
  ]
  pruneopts = "UT"
  revision = "062282ea0dcff40c9fb8525789eef9644b1fbd6e"
  version = "v2.1.0"

[[projects]]
  branch = "master"
  digest = "1:77ff846073551e32ca81910c992650e2b5c98622cfc9822c9f97926ec449bf19"
  name = "github.com/pkg/errors"
  packages = ["."]
  pruneopts = "UT"
  revision = "856c240a51a2bf8fb8269ea7f3f9b046aadde36e"

[[projects]]
  digest = "1:0028cb19b2e4c3112225cd871870f2d9cf49b9b4276531f03438a88e94be86fe"
  name = "github.com/pmezard/go-difflib"
  packages = ["difflib"]
  pruneopts = "UT"
  revision = "792786c7400a136282c1664665ae0a8db921c6c2"
  version = "v1.0.0"

[[projects]]
  digest = "1:6baa565fe16f8657cf93469b2b8a6c61a277827734400d27e44d589547297279"
  name = "github.com/ryanuber/go-glob"
  packages = ["."]
  pruneopts = "UT"
  revision = "51a8f68e6c24dc43f1e371749c89a267de4ebc53"
  version = "v1.0.0"

[[projects]]
  branch = "master"
  digest = "1:482246a3fc21895d2e58986328885a8be7e295638eb399bdbaa34b92cbfc9919"
  name = "github.com/schollz/closestmatch"
  packages = ["."]
  pruneopts = "UT"
  revision = "19d3b334fdfcb0151de79319f1fe1dfc41de758c"

[[projects]]
  digest = "1:d917313f309bda80d27274d53985bc65651f81a5b66b820749ac7f8ef061fd04"
  name = "github.com/sergi/go-diff"
  packages = ["diffmatchpatch"]
  pruneopts = "UT"
  revision = "1744e2970ca51c86172c8190fadad617561ed6e7"
  version = "v1.0.0"

[[projects]]
  branch = "master"
  digest = "1:7439e1e9a33b9d7d3eb7048fe50851a47186fd82d0fc6c481f749fb2c9901f61"
  name = "github.com/skip2/go-qrcode"
  packages = [
    ".",
    "bitset",
    "reedsolomon",
  ]
  pruneopts = "UT"
  revision = "dc11ecdae0a9889dc81a343585516404e8dc6ead"

[[projects]]
  digest = "1:e4ed0afd67bf7be353921665cdac50834c867ff1bba153efc0745b755a7f5905"
  name = "github.com/src-d/gcfg"
  packages = [
    ".",
    "scanner",
    "token",
    "types",
  ]
  pruneopts = "UT"
  revision = "1ac3a1ac202429a54835fe8408a92880156b489d"
  version = "v1.4.0"

[[projects]]
  branch = "master"
  digest = "1:656570e9301c9ce00e7dada49b86b855b5d5bb4df83ba7549bd8f2c7f1ed1025"
  name = "github.com/stretchr/testify"
  packages = [
    "assert",
    "require",
  ]
  pruneopts = "UT"
  revision = "3f658bd5ac42cc0b5de5b427e95a480d5726ea76"

[[projects]]
  branch = "master"
  digest = "1:8286f653bf8b8fd155a0c9c3b9ee3dbc2a95b1b51f7a1dc11fe2c66018454a0c"
  name = "github.com/urfave/cli"
  packages = ["."]
  pruneopts = "UT"
  revision = "693af58b4d51b8fcc7f9d89576da170765980581"

[[projects]]
  digest = "1:172f94a6b3644a8f9e6b5e5b7fc9fe1e42d424f52a0300b2e7ab1e57db73f85d"
  name = "github.com/xanzy/ssh-agent"
  packages = ["."]
  pruneopts = "UT"
  revision = "6a3e2ff9e7c564f36873c2e36413f634534f1c44"
  version = "v0.2.1"

[[projects]]
  branch = "master"
  digest = "1:85ceb7046447e3f5cf21c621ec137b23eb8d02ae9b585dd5c22d65543a0f3020"
  name = "github.com/xrash/smetrics"
  packages = ["."]
  pruneopts = "UT"
  revision = "a3153f7040e90324c58c6287535e26a0ac5c1cc1"

[[projects]]
  branch = "master"
  digest = "1:fa3521d69a67edb8e18cf3848d59650828140ebc4a1b5336ae60de28bfe36381"
  name = "golang.org/x/crypto"
  packages = [
    "argon2",
    "blake2b",
    "cast5",
    "curve25519",
    "ed25519",
    "ed25519/internal/edwards25519",
    "internal/chacha20",
    "internal/subtle",
    "nacl/box",
    "nacl/secretbox",
    "openpgp",
    "openpgp/armor",
    "openpgp/clearsign",
    "openpgp/elgamal",
    "openpgp/errors",
    "openpgp/packet",
    "openpgp/s2k",
    "poly1305",
    "salsa20/salsa",
    "sha3",
    "ssh",
    "ssh/agent",
    "ssh/knownhosts",
    "ssh/terminal",
  ]
  pruneopts = "UT"
  revision = "ffb98f73852f696ea2bb21a617a5c4b3e067a439"

[[projects]]
  branch = "master"
  digest = "1:d1196738b57b6a0af015d0d7ec80bf6c8063f413c20dbaea01d2b623b0f9c857"
  name = "golang.org/x/net"
  packages = [
    "context",
    "http/httpguts",
    "http2",
    "http2/hpack",
    "idna",
    "publicsuffix",
  ]
  pruneopts = "UT"
  revision = "3a22650c66bd7f4fb6d1e8072ffd7b75c8a27898"

[[projects]]
  branch = "master"
  digest = "1:1ead7ef6eb0d1c4970fc86b0c6df27bd48ed8ba9190c5fcd236881cb0ff84f09"
  name = "golang.org/x/sys"
  packages = [
    "cpu",
    "unix",
    "windows",
    "windows/registry",
  ]
  pruneopts = "UT"
  revision = "cd391775e71e684db52b63df9affd58269495083"

[[projects]]
  digest = "1:23c42b366ef158741f7229785fc19761de6372b89ab515cbe43e781056044a4c"
  name = "golang.org/x/text"
  packages = [
    "collate",
    "collate/build",
    "encoding",
    "encoding/internal/identifier",
    "internal/colltab",
    "internal/gen",
    "internal/tag",
    "internal/triegen",
    "internal/ucd",
    "language",
    "secure/bidirule",
    "transform",
    "unicode/bidi",
    "unicode/cldr",
    "unicode/norm",
    "unicode/rangetable",
  ]
  pruneopts = "UT"
  revision = "f21a4dfb5e38f5895301dc265a8def02365cc3d0"
  version = "v0.3.0"

[[projects]]
  branch = "master"
  digest = "1:9fdc2b55e8e0fafe4b41884091e51e77344f7dc511c5acedcfd98200003bff90"
  name = "golang.org/x/time"
  packages = ["rate"]
  pruneopts = "UT"
  revision = "85acf8d2951cb2a3bde7632f9ff273ef0379bcbd"

[[projects]]
  digest = "1:866df945fc92cd221d2b384dca7de5f3131a6113b9f72a7a8019ae5046abe828"
  name = "gopkg.in/src-d/go-billy.v4"
  packages = [
    ".",
    "helper/chroot",
    "helper/polyfill",
    "osfs",
    "util",
  ]
  pruneopts = "UT"
  revision = "982626487c60a5252e7d0b695ca23fb0fa2fd670"
  version = "v4.3.0"

[[projects]]
  digest = "1:dd270b87918caa4bbb07f0151aad265b76d5818434bd0489017d9d05f156cd66"
  name = "gopkg.in/src-d/go-git.v4"
  packages = [
    ".",
    "config",
    "internal/revision",
    "plumbing",
    "plumbing/cache",
    "plumbing/filemode",
    "plumbing/format/config",
    "plumbing/format/diff",
    "plumbing/format/gitignore",
    "plumbing/format/idxfile",
    "plumbing/format/index",
    "plumbing/format/objfile",
    "plumbing/format/packfile",
    "plumbing/format/pktline",
    "plumbing/object",
    "plumbing/protocol/packp",
    "plumbing/protocol/packp/capability",
    "plumbing/protocol/packp/sideband",
    "plumbing/revlist",
    "plumbing/storer",
    "plumbing/transport",
    "plumbing/transport/client",
    "plumbing/transport/file",
    "plumbing/transport/git",
    "plumbing/transport/http",
    "plumbing/transport/internal/common",
    "plumbing/transport/server",
    "plumbing/transport/ssh",
    "storage",
    "storage/filesystem",
    "storage/filesystem/dotgit",
    "storage/memory",
    "utils/binary",
    "utils/diff",
    "utils/ioutil",
    "utils/merkletrie",
    "utils/merkletrie/filesystem",
    "utils/merkletrie/index",
    "utils/merkletrie/internal/frame",
    "utils/merkletrie/noder",
  ]
  pruneopts = "UT"
  revision = "1241d740739fd0a2a157db9c935cf9272b52ec0f"

[[projects]]
  digest = "1:78d374b493e747afa9fbb2119687e3740a7fb8d0ebabddfef0a012593aaecbb3"
  name = "gopkg.in/warnings.v0"
  packages = ["."]
  pruneopts = "UT"
  revision = "ec4a0fea49c7b46c2aeb0b51aac55779c607e52b"
  version = "v0.1.2"

[[projects]]
  digest = "1:4d2e5a73dc1500038e504a8d78b986630e3626dc027bc030ba5c75da257cdb96"
  name = "gopkg.in/yaml.v2"
  packages = ["."]
  pruneopts = "UT"
  revision = "51d6538a90f86fe93ac480b35f37b2be17fef232"
  version = "v2.2.2"

[[projects]]
  branch = "master"
  digest = "1:5f7a1c7de691189fe96681441220afb5c2567b1875e8b2c06201732be4b9393a"
  name = "rsc.io/qr"
  packages = [
    ".",
    "coding",
    "gf256",
  ]
  pruneopts = "UT"
  revision = "ca9a01fc2f9505024045632c50e5e8cd6142fafe"

[solve-meta]
  analyzer-name = "dep"
  analyzer-version = 1
  input-imports = [
    "github.com/alecthomas/binary",
    "github.com/atotto/clipboard",
    "github.com/blang/semver",
    "github.com/cenkalti/backoff",
    "github.com/dominikschulz/github-releases/ghrel",
    "github.com/fatih/color",
    "github.com/gdamore/tcell/termbox",
    "github.com/godbus/dbus",
    "github.com/gokyle/twofactor",
    "github.com/golang/protobuf/proto",
    "github.com/gopasspw/gopass/pkg/action",
    "github.com/gopasspw/gopass/pkg/action/binary",
    "github.com/gopasspw/gopass/pkg/action/create",
    "github.com/gopasspw/gopass/pkg/action/xc",
    "github.com/gopasspw/gopass/pkg/agent",
    "github.com/gopasspw/gopass/pkg/agent/client",
    "github.com/gopasspw/gopass/pkg/audit",
    "github.com/gopasspw/gopass/pkg/backend",
    "github.com/gopasspw/gopass/pkg/backend/crypto",
    "github.com/gopasspw/gopass/pkg/backend/crypto/gpg",
    "github.com/gopasspw/gopass/pkg/backend/crypto/gpg/cli",
    "github.com/gopasspw/gopass/pkg/backend/crypto/gpg/openpgp",
    "github.com/gopasspw/gopass/pkg/backend/crypto/plain",
    "github.com/gopasspw/gopass/pkg/backend/crypto/xc",
    "github.com/gopasspw/gopass/pkg/backend/crypto/xc/keyring",
    "github.com/gopasspw/gopass/pkg/backend/crypto/xc/xcpb",
    "github.com/gopasspw/gopass/pkg/backend/rcs",
    "github.com/gopasspw/gopass/pkg/backend/rcs/git/cli",
    "github.com/gopasspw/gopass/pkg/backend/rcs/git/gogit",
    "github.com/gopasspw/gopass/pkg/backend/rcs/noop",
    "github.com/gopasspw/gopass/pkg/backend/storage",
    "github.com/gopasspw/gopass/pkg/backend/storage/fs",
    "github.com/gopasspw/gopass/pkg/backend/storage/kv/consul",
    "github.com/gopasspw/gopass/pkg/backend/storage/kv/inmem",
    "github.com/gopasspw/gopass/pkg/clipboard",
    "github.com/gopasspw/gopass/pkg/completion/fish",
    "github.com/gopasspw/gopass/pkg/completion/zsh",
    "github.com/gopasspw/gopass/pkg/config",
    "github.com/gopasspw/gopass/pkg/config/secrets",
    "github.com/gopasspw/gopass/pkg/ctxutil",
    "github.com/gopasspw/gopass/pkg/cui",
    "github.com/gopasspw/gopass/pkg/editor",
    "github.com/gopasspw/gopass/pkg/fsutil",
    "github.com/gopasspw/gopass/pkg/hibp/api",
    "github.com/gopasspw/gopass/pkg/hibp/dump",
    "github.com/gopasspw/gopass/pkg/jsonapi",
    "github.com/gopasspw/gopass/pkg/jsonapi/manifest",
    "github.com/gopasspw/gopass/pkg/notify",
    "github.com/gopasspw/gopass/pkg/otp",
    "github.com/gopasspw/gopass/pkg/out",
    "github.com/gopasspw/gopass/pkg/pinentry",
    "github.com/gopasspw/gopass/pkg/protect",
    "github.com/gopasspw/gopass/pkg/pwgen",
    "github.com/gopasspw/gopass/pkg/pwgen/xkcdgen",
    "github.com/gopasspw/gopass/pkg/qrcon",
    "github.com/gopasspw/gopass/pkg/store",
    "github.com/gopasspw/gopass/pkg/store/root",
    "github.com/gopasspw/gopass/pkg/store/secret",
    "github.com/gopasspw/gopass/pkg/store/sub",
    "github.com/gopasspw/gopass/pkg/store/vault",
    "github.com/gopasspw/gopass/pkg/tempfile",
    "github.com/gopasspw/gopass/pkg/termio",
    "github.com/gopasspw/gopass/pkg/termutil",
    "github.com/gopasspw/gopass/pkg/termwiz",
    "github.com/gopasspw/gopass/pkg/tpl",
    "github.com/gopasspw/gopass/pkg/tree",
    "github.com/gopasspw/gopass/pkg/tree/simple",
    "github.com/gopasspw/gopass/pkg/updater",
    "github.com/gopasspw/gopass/tests/gptest",
    "github.com/gopasspw/gopass/tests/mockstore",
    "github.com/hashicorp/consul/api",
    "github.com/hashicorp/go-multierror",
    "github.com/hashicorp/golang-lru",
    "github.com/hashicorp/vault/api",
    "github.com/jroimartin/gocui",
    "github.com/jsimonetti/pwscheme/md5crypt",
    "github.com/jsimonetti/pwscheme/ssha",
    "github.com/jsimonetti/pwscheme/ssha256",
    "github.com/jsimonetti/pwscheme/ssha512",
    "github.com/kballard/go-shellquote",
    "github.com/martinhoefling/goxkcdpwgen/xkcdpwgen",
    "github.com/mattn/go-colorable",
    "github.com/mattn/go-runewidth",
    "github.com/mitchellh/go-homedir",
    "github.com/mitchellh/go-ps",
    "github.com/muesli/crunchy",
    "github.com/muesli/goprogressbar",
    "github.com/pkg/errors",
    "github.com/schollz/closestmatch",
    "github.com/skip2/go-qrcode",
    "github.com/stretchr/testify/assert",
    "github.com/stretchr/testify/require",
    "github.com/urfave/cli",
    "golang.org/x/crypto/argon2",
    "golang.org/x/crypto/nacl/box",
    "golang.org/x/crypto/nacl/secretbox",
    "golang.org/x/crypto/openpgp",
    "golang.org/x/crypto/openpgp/clearsign",
    "golang.org/x/crypto/openpgp/packet",
    "golang.org/x/crypto/sha3",
    "golang.org/x/crypto/ssh/terminal",
    "golang.org/x/net/publicsuffix",
    "golang.org/x/sys/unix",
    "golang.org/x/sys/windows/registry",
    "gopkg.in/src-d/go-git.v4",
    "gopkg.in/src-d/go-git.v4/config",
    "gopkg.in/src-d/go-git.v4/plumbing",
    "gopkg.in/src-d/go-git.v4/plumbing/object",
    "gopkg.in/yaml.v2",
  ]
  solver-name = "gps-cdcl"
  solver-version = 1
